
Microsoft Visual Studio Solution File, Format Version 12.00
# Visual Studio Version 17
VisualStudioVersion = 17.6.33723.286
MinimumVisualStudioVersion = 10.0.40219.1
Project("{9A19103F-16F7-4668-BE54-9A1E7A4F7556}") = "BethanysPieShop", "BethanysPieShop\BethanysPieShop.csproj", "{43DAF048-5B93-45F1-8DF7-BB892CE12D64}"
EndProject
Project("{9A19103F-16F7-4668-BE54-9A1E7A4F7556}") = "TestProject1", "TestProject1\TestProject1.csproj", "{8C19707B-506E-4927-8A1E-EFFC46B94C3B}"
EndProject
Global
	GlobalSection(SolutionConfigurationPlatforms) = preSolution
		Debug|Any CPU = Debug|Any CPU
		Release|Any CPU = Release|Any CPU
	EndGlobalSection
	GlobalSection(ProjectConfigurationPlatforms) = postSolution
		{43DAF048-5B93-45F1-8DF7-BB892CE12D64}.Debug|Any CPU.ActiveCfg = Debug|Any CPU
		{43DAF048-5B93-45F1-8DF7-BB892CE12D64}.Debug|Any CPU.Build.0 = Debug|Any CPU
		{43DAF048-5B93-45F1-8DF7-BB892CE12D64}.Release|Any CPU.ActiveCfg = Release|Any CPU
		{43DAF048-5B93-45F1-8DF7-BB892CE12D64}.Release|Any CPU.Build.0 = Release|Any CPU
		{8C19707B-506E-4927-8A1E-EFFC46B94C3B}.Debug|Any CPU.ActiveCfg = Debug|Any CPU
		{8C19707B-506E-4927-8A1E-EFFC46B94C3B}.Debug|Any CPU.Build.0 = Debug|Any CPU
		{8C19707B-506E-4927-8A1E-EFFC46B94C3B}.Release|Any CPU.ActiveCfg = Release|Any CPU
		{8C19707B-506E-4927-8A1E-EFFC46B94C3B}.Release|Any CPU.Build.0 = Release|Any CPU
	EndGlobalSection
	GlobalSection(SolutionProperties) = preSolution
		HideSolutionNode = FALSE
	EndGlobalSection
	GlobalSection(ExtensibilityGlobals) = postSolution
		SolutionGuid = {DB098CF1-5497-4C6F-9D32-C13610339BB6}
	EndGlobalSection
EndGlobal
